// !$*UTF8*$!
{
	archiveVersion = 1;
	classes = {
	};
	objectVersion = 56;
	objects = {

/* Begin PBXBuildFile section */
		6A1116082C10561C00A74390 /* GoogleService-Info.plist in Resources */ = {isa = PBXBuildFile; fileRef = 6A1116072C10561C00A74390 /* GoogleService-Info.plist */; };
		6A11160B2C10596200A74390 /* FirebaseAuth in Frameworks */ = {isa = PBXBuildFile; productRef = 6A11160A2C10596200A74390 /* FirebaseAuth */; };
		6A11160D2C10596200A74390 /* FirebaseAuthCombine-Community in Frameworks */ = {isa = PBXBuildFile; productRef = 6A11160C2C10596200A74390 /* FirebaseAuthCombine-Community */; };
		6A11160F2C10596200A74390 /* FirebaseDatabase in Frameworks */ = {isa = PBXBuildFile; productRef = 6A11160E2C10596200A74390 /* FirebaseDatabase */; };
		6A1116112C10596200A74390 /* FirebaseDatabaseSwift in Frameworks */ = {isa = PBXBuildFile; productRef = 6A1116102C10596200A74390 /* FirebaseDatabaseSwift */; };
		6A1116132C10596200A74390 /* FirebaseFirestore in Frameworks */ = {isa = PBXBuildFile; productRef = 6A1116122C10596200A74390 /* FirebaseFirestore */; };
		6A1116152C10596200A74390 /* FirebaseFirestoreCombine-Community in Frameworks */ = {isa = PBXBuildFile; productRef = 6A1116142C10596200A74390 /* FirebaseFirestoreCombine-Community */; };
		6A1116172C10596200A74390 /* FirebaseFirestoreSwift in Frameworks */ = {isa = PBXBuildFile; productRef = 6A1116162C10596200A74390 /* FirebaseFirestoreSwift */; };
		6A1116192C10596200A74390 /* FirebaseStorage in Frameworks */ = {isa = PBXBuildFile; productRef = 6A1116182C10596200A74390 /* FirebaseStorage */; };
		6A11161B2C10596200A74390 /* FirebaseStorageCombine-Community in Frameworks */ = {isa = PBXBuildFile; productRef = 6A11161A2C10596200A74390 /* FirebaseStorageCombine-Community */; };
		6A11161E2C105EDD00A74390 /* OnboardingViewController.swift in Sources */ = {isa = PBXBuildFile; fileRef = 6A11161D2C105EDD00A74390 /* OnboardingViewController.swift */; };
		6A1116202C1067ED00A74390 /* RegisterViewController.swift in Sources */ = {isa = PBXBuildFile; fileRef = 6A11161F2C1067ED00A74390 /* RegisterViewController.swift */; };
		6A1116232C1072B300A74390 /* AuthenticationViewViewModel.swift in Sources */ = {isa = PBXBuildFile; fileRef = 6A1116222C1072B300A74390 /* AuthenticationViewViewModel.swift */; };
		6A1116262C10825400A74390 /* AuthManager.swift in Sources */ = {isa = PBXBuildFile; fileRef = 6A1116252C10825400A74390 /* AuthManager.swift */; };
		6A15D16E2C0DFE730041A1AD /* ProfileViewController.swift in Sources */ = {isa = PBXBuildFile; fileRef = 6A15D16D2C0DFE720041A1AD /* ProfileViewController.swift */; };
		6AA53E232C057D3D001E2B67 /* AppDelegate.swift in Sources */ = {isa = PBXBuildFile; fileRef = 6AA53E222C057D3D001E2B67 /* AppDelegate.swift */; };
		6AA53E252C057D3D001E2B67 /* SceneDelegate.swift in Sources */ = {isa = PBXBuildFile; fileRef = 6AA53E242C057D3D001E2B67 /* SceneDelegate.swift */; };
		6AA53E272C057D3D001E2B67 /* HomeViewController.swift in Sources */ = {isa = PBXBuildFile; fileRef = 6AA53E262C057D3D001E2B67 /* HomeViewController.swift */; };
		6AA53E2C2C057D3E001E2B67 /* Assets.xcassets in Resources */ = {isa = PBXBuildFile; fileRef = 6AA53E2B2C057D3E001E2B67 /* Assets.xcassets */; };
		6AA53E2F2C057D3E001E2B67 /* Base in Resources */ = {isa = PBXBuildFile; fileRef = 6AA53E2E2C057D3E001E2B67 /* Base */; };
		6AA53E3A2C057D3E001E2B67 /* Twitter_CloneTests.swift in Sources */ = {isa = PBXBuildFile; fileRef = 6AA53E392C057D3E001E2B67 /* Twitter_CloneTests.swift */; };
		6AA53E442C057D3E001E2B67 /* Twitter_CloneUITests.swift in Sources */ = {isa = PBXBuildFile; fileRef = 6AA53E432C057D3E001E2B67 /* Twitter_CloneUITests.swift */; };
		6AA53E462C057D3E001E2B67 /* Twitter_CloneUITestsLaunchTests.swift in Sources */ = {isa = PBXBuildFile; fileRef = 6AA53E452C057D3E001E2B67 /* Twitter_CloneUITestsLaunchTests.swift */; };
		6AA53E532C057F05001E2B67 /* MainTabBarViewController.swift in Sources */ = {isa = PBXBuildFile; fileRef = 6AA53E522C057F05001E2B67 /* MainTabBarViewController.swift */; };
		6AA53E572C057FB8001E2B67 /* SearchViewController.swift in Sources */ = {isa = PBXBuildFile; fileRef = 6AA53E562C057FB7001E2B67 /* SearchViewController.swift */; };
		6AA53E592C057FC8001E2B67 /* NotificationViewController.swift in Sources */ = {isa = PBXBuildFile; fileRef = 6AA53E582C057FC8001E2B67 /* NotificationViewController.swift */; };
		6AA53E5B2C057FD7001E2B67 /* DirectMessagesViewController.swift in Sources */ = {isa = PBXBuildFile; fileRef = 6AA53E5A2C057FD7001E2B67 /* DirectMessagesViewController.swift */; };
		6AAE692B2C0F103A0060308B /* ProfileTableViewHeader.swift in Sources */ = {isa = PBXBuildFile; fileRef = 6AAE692A2C0F103A0060308B /* ProfileTableViewHeader.swift */; };
		6AD1C3212C11B3F500E29393 /* LoginViewController.swift in Sources */ = {isa = PBXBuildFile; fileRef = 6AD1C3202C11B3F500E29393 /* LoginViewController.swift */; };
		6AD3414C2C073E7100527C5A /* TweetTableViewCell.swift in Sources */ = {isa = PBXBuildFile; fileRef = 6AD3414B2C073E7100527C5A /* TweetTableViewCell.swift */; };
		6ADFA9172C13023400215C6C /* HomeViewViewModel.swift in Sources */ = {isa = PBXBuildFile; fileRef = 6ADFA9162C13023400215C6C /* HomeViewViewModel.swift */; };
		6ADFA9192C134B6F00215C6C /* ProfileDataFormViewController.swift in Sources */ = {isa = PBXBuildFile; fileRef = 6ADFA9182C134B6F00215C6C /* ProfileDataFormViewController.swift */; };
		6AE903222C123F9200D61CE1 /* TwitterUser.swift in Sources */ = {isa = PBXBuildFile; fileRef = 6AE903212C123F9200D61CE1 /* TwitterUser.swift */; };
		6AE903242C1240D000D61CE1 /* DatabaseManager.swift in Sources */ = {isa = PBXBuildFile; fileRef = 6AE903232C1240D000D61CE1 /* DatabaseManager.swift */; };
		6AE9ACFE2C1440D1001604D4 /* ProfileDataFormViewViewModel.swift in Sources */ = {isa = PBXBuildFile; fileRef = 6AE9ACFD2C1440D1001604D4 /* ProfileDataFormViewViewModel.swift */; };
		6AE9AD002C14D375001604D4 /* StorageManager.swift in Sources */ = {isa = PBXBuildFile; fileRef = 6AE9ACFF2C14D375001604D4 /* StorageManager.swift */; };
/* End PBXBuildFile section */

/* Begin PBXContainerItemProxy section */
		6AA53E362C057D3E001E2B67 /* PBXContainerItemProxy */ = {
			isa = PBXContainerItemProxy;
			containerPortal = 6AA53E172C057D3D001E2B67 /* Project object */;
			proxyType = 1;
			remoteGlobalIDString = 6AA53E1E2C057D3D001E2B67;
			remoteInfo = "Twitter Clone";
		};
		6AA53E402C057D3E001E2B67 /* PBXContainerItemProxy */ = {
			isa = PBXContainerItemProxy;
			containerPortal = 6AA53E172C057D3D001E2B67 /* Project object */;
			proxyType = 1;
			remoteGlobalIDString = 6AA53E1E2C057D3D001E2B67;
			remoteInfo = "Twitter Clone";
		};
/* End PBXContainerItemProxy section */

/* Begin PBXFileReference section */
		6A1116072C10561C00A74390 /* GoogleService-Info.plist */ = {isa = PBXFileReference; fileEncoding = 4; lastKnownFileType = text.plist.xml; path = "GoogleService-Info.plist"; sourceTree = "<group>"; };
		6A11161D2C105EDD00A74390 /* OnboardingViewController.swift */ = {isa = PBXFileReference; lastKnownFileType = sourcecode.swift; path = OnboardingViewController.swift; sourceTree = "<group>"; };
		6A11161F2C1067ED00A74390 /* RegisterViewController.swift */ = {isa = PBXFileReference; lastKnownFileType = sourcecode.swift; path = RegisterViewController.swift; sourceTree = "<group>"; };
		6A1116222C1072B300A74390 /* AuthenticationViewViewModel.swift */ = {isa = PBXFileReference; lastKnownFileType = sourcecode.swift; path = AuthenticationViewViewModel.swift; sourceTree = "<group>"; };
		6A1116252C10825400A74390 /* AuthManager.swift */ = {isa = PBXFileReference; lastKnownFileType = sourcecode.swift; path = AuthManager.swift; sourceTree = "<group>"; };
		6A15D16D2C0DFE720041A1AD /* ProfileViewController.swift */ = {isa = PBXFileReference; lastKnownFileType = sourcecode.swift; path = ProfileViewController.swift; sourceTree = "<group>"; };
		6AA53E1F2C057D3D001E2B67 /* Twitter Clone.app */ = {isa = PBXFileReference; explicitFileType = wrapper.application; includeInIndex = 0; path = "Twitter Clone.app"; sourceTree = BUILT_PRODUCTS_DIR; };
		6AA53E222C057D3D001E2B67 /* AppDelegate.swift */ = {isa = PBXFileReference; lastKnownFileType = sourcecode.swift; path = AppDelegate.swift; sourceTree = "<group>"; };
		6AA53E242C057D3D001E2B67 /* SceneDelegate.swift */ = {isa = PBXFileReference; lastKnownFileType = sourcecode.swift; path = SceneDelegate.swift; sourceTree = "<group>"; };
		6AA53E262C057D3D001E2B67 /* HomeViewController.swift */ = {isa = PBXFileReference; lastKnownFileType = sourcecode.swift; path = HomeViewController.swift; sourceTree = "<group>"; };
		6AA53E2B2C057D3E001E2B67 /* Assets.xcassets */ = {isa = PBXFileReference; lastKnownFileType = folder.assetcatalog; path = Assets.xcassets; sourceTree = "<group>"; };
		6AA53E2E2C057D3E001E2B67 /* Base */ = {isa = PBXFileReference; lastKnownFileType = file.storyboard; name = Base; path = Base.lproj/LaunchScreen.storyboard; sourceTree = "<group>"; };
		6AA53E302C057D3E001E2B67 /* Info.plist */ = {isa = PBXFileReference; lastKnownFileType = text.plist.xml; path = Info.plist; sourceTree = "<group>"; };
		6AA53E352C057D3E001E2B67 /* Twitter CloneTests.xctest */ = {isa = PBXFileReference; explicitFileType = wrapper.cfbundle; includeInIndex = 0; path = "Twitter CloneTests.xctest"; sourceTree = BUILT_PRODUCTS_DIR; };
		6AA53E392C057D3E001E2B67 /* Twitter_CloneTests.swift */ = {isa = PBXFileReference; lastKnownFileType = sourcecode.swift; path = Twitter_CloneTests.swift; sourceTree = "<group>"; };
		6AA53E3F2C057D3E001E2B67 /* Twitter CloneUITests.xctest */ = {isa = PBXFileReference; explicitFileType = wrapper.cfbundle; includeInIndex = 0; path = "Twitter CloneUITests.xctest"; sourceTree = BUILT_PRODUCTS_DIR; };
		6AA53E432C057D3E001E2B67 /* Twitter_CloneUITests.swift */ = {isa = PBXFileReference; lastKnownFileType = sourcecode.swift; path = Twitter_CloneUITests.swift; sourceTree = "<group>"; };
		6AA53E452C057D3E001E2B67 /* Twitter_CloneUITestsLaunchTests.swift */ = {isa = PBXFileReference; lastKnownFileType = sourcecode.swift; path = Twitter_CloneUITestsLaunchTests.swift; sourceTree = "<group>"; };
		6AA53E522C057F05001E2B67 /* MainTabBarViewController.swift */ = {isa = PBXFileReference; lastKnownFileType = sourcecode.swift; path = MainTabBarViewController.swift; sourceTree = "<group>"; };
		6AA53E562C057FB7001E2B67 /* SearchViewController.swift */ = {isa = PBXFileReference; lastKnownFileType = sourcecode.swift; path = SearchViewController.swift; sourceTree = "<group>"; };
		6AA53E582C057FC8001E2B67 /* NotificationViewController.swift */ = {isa = PBXFileReference; lastKnownFileType = sourcecode.swift; path = NotificationViewController.swift; sourceTree = "<group>"; };
		6AA53E5A2C057FD7001E2B67 /* DirectMessagesViewController.swift */ = {isa = PBXFileReference; lastKnownFileType = sourcecode.swift; path = DirectMessagesViewController.swift; sourceTree = "<group>"; };
		6AAE692A2C0F103A0060308B /* ProfileTableViewHeader.swift */ = {isa = PBXFileReference; lastKnownFileType = sourcecode.swift; path = ProfileTableViewHeader.swift; sourceTree = "<group>"; };
		6AD1C3202C11B3F500E29393 /* LoginViewController.swift */ = {isa = PBXFileReference; lastKnownFileType = sourcecode.swift; path = LoginViewController.swift; sourceTree = "<group>"; };
		6AD3414B2C073E7100527C5A /* TweetTableViewCell.swift */ = {isa = PBXFileReference; lastKnownFileType = sourcecode.swift; path = TweetTableViewCell.swift; sourceTree = "<group>"; };
		6ADFA9162C13023400215C6C /* HomeViewViewModel.swift */ = {isa = PBXFileReference; lastKnownFileType = sourcecode.swift; path = HomeViewViewModel.swift; sourceTree = "<group>"; };
		6ADFA9182C134B6F00215C6C /* ProfileDataFormViewController.swift */ = {isa = PBXFileReference; lastKnownFileType = sourcecode.swift; path = ProfileDataFormViewController.swift; sourceTree = "<group>"; };
		6AE903212C123F9200D61CE1 /* TwitterUser.swift */ = {isa = PBXFileReference; lastKnownFileType = sourcecode.swift; path = TwitterUser.swift; sourceTree = "<group>"; };
		6AE903232C1240D000D61CE1 /* DatabaseManager.swift */ = {isa = PBXFileReference; lastKnownFileType = sourcecode.swift; path = DatabaseManager.swift; sourceTree = "<group>"; };
		6AE9ACFD2C1440D1001604D4 /* ProfileDataFormViewViewModel.swift */ = {isa = PBXFileReference; lastKnownFileType = sourcecode.swift; path = ProfileDataFormViewViewModel.swift; sourceTree = "<group>"; };
		6AE9ACFF2C14D375001604D4 /* StorageManager.swift */ = {isa = PBXFileReference; lastKnownFileType = sourcecode.swift; path = StorageManager.swift; sourceTree = "<group>"; };
/* End PBXFileReference section */

/* Begin PBXFrameworksBuildPhase section */
		6AA53E1C2C057D3D001E2B67 /* Frameworks */ = {
			isa = PBXFrameworksBuildPhase;
			buildActionMask = 2147483647;
			files = (
				6A1116112C10596200A74390 /* FirebaseDatabaseSwift in Frameworks */,
				6A11160F2C10596200A74390 /* FirebaseDatabase in Frameworks */,
				6A11160B2C10596200A74390 /* FirebaseAuth in Frameworks */,
				6A1116172C10596200A74390 /* FirebaseFirestoreSwift in Frameworks */,
				6A1116152C10596200A74390 /* FirebaseFirestoreCombine-Community in Frameworks */,
				6A1116192C10596200A74390 /* FirebaseStorage in Frameworks */,
				6A1116132C10596200A74390 /* FirebaseFirestore in Frameworks */,
				6A11161B2C10596200A74390 /* FirebaseStorageCombine-Community in Frameworks */,
				6A11160D2C10596200A74390 /* FirebaseAuthCombine-Community in Frameworks */,
			);
			runOnlyForDeploymentPostprocessing = 0;
		};
		6AA53E322C057D3E001E2B67 /* Frameworks */ = {
			isa = PBXFrameworksBuildPhase;
			buildActionMask = 2147483647;
			files = (
			);
			runOnlyForDeploymentPostprocessing = 0;
		};
		6AA53E3C2C057D3E001E2B67 /* Frameworks */ = {
			isa = PBXFrameworksBuildPhase;
			buildActionMask = 2147483647;
			files = (
			);
			runOnlyForDeploymentPostprocessing = 0;
		};
/* End PBXFrameworksBuildPhase section */

/* Begin PBXGroup section */
		6A11161C2C105EBD00A74390 /* Onboarding */ = {
			isa = PBXGroup;
			children = (
				6A11161D2C105EDD00A74390 /* OnboardingViewController.swift */,
				6A11161F2C1067ED00A74390 /* RegisterViewController.swift */,
				6AD1C3202C11B3F500E29393 /* LoginViewController.swift */,
			);
			path = Onboarding;
			sourceTree = "<group>";
		};
		6A1116212C10729D00A74390 /* ViewModels */ = {
			isa = PBXGroup;
			children = (
				6A1116222C1072B300A74390 /* AuthenticationViewViewModel.swift */,
				6ADFA9162C13023400215C6C /* HomeViewViewModel.swift */,
				6AE9ACFD2C1440D1001604D4 /* ProfileDataFormViewViewModel.swift */,
			);
			path = ViewModels;
			sourceTree = "<group>";
		};
		6A1116242C10823E00A74390 /* Networking */ = {
			isa = PBXGroup;
			children = (
				6A1116252C10825400A74390 /* AuthManager.swift */,
				6AE903232C1240D000D61CE1 /* DatabaseManager.swift */,
				6AE9ACFF2C14D375001604D4 /* StorageManager.swift */,
			);
			path = Networking;
			sourceTree = "<group>";
		};
		6A15D16C2C0DFE4F0041A1AD /* General */ = {
			isa = PBXGroup;
			children = (
				6A15D16D2C0DFE720041A1AD /* ProfileViewController.swift */,
				6ADFA9182C134B6F00215C6C /* ProfileDataFormViewController.swift */,
			);
			path = General;
			sourceTree = "<group>";
		};
		6AA53E162C057D3D001E2B67 = {
			isa = PBXGroup;
			children = (
				6AE903202C123F6100D61CE1 /* Models */,
				6AA53E212C057D3D001E2B67 /* Twitter Clone */,
				6AA53E382C057D3E001E2B67 /* Twitter CloneTests */,
				6AA53E422C057D3E001E2B67 /* Twitter CloneUITests */,
				6AA53E202C057D3D001E2B67 /* Products */,
			);
			sourceTree = "<group>";
		};
		6AA53E202C057D3D001E2B67 /* Products */ = {
			isa = PBXGroup;
			children = (
				6AA53E1F2C057D3D001E2B67 /* Twitter Clone.app */,
				6AA53E352C057D3E001E2B67 /* Twitter CloneTests.xctest */,
				6AA53E3F2C057D3E001E2B67 /* Twitter CloneUITests.xctest */,
			);
			name = Products;
			sourceTree = "<group>";
		};
		6AA53E212C057D3D001E2B67 /* Twitter Clone */ = {
			isa = PBXGroup;
			children = (
				6A1116242C10823E00A74390 /* Networking */,
				6A1116212C10729D00A74390 /* ViewModels */,
				6AD3414A2C073E5500527C5A /* Views */,
				6AA53E542C057F7B001E2B67 /* Controllers */,
				6AA53E222C057D3D001E2B67 /* AppDelegate.swift */,
				6AA53E242C057D3D001E2B67 /* SceneDelegate.swift */,
				6AA53E2B2C057D3E001E2B67 /* Assets.xcassets */,
				6AA53E2D2C057D3E001E2B67 /* LaunchScreen.storyboard */,
				6AA53E302C057D3E001E2B67 /* Info.plist */,
			);
			path = "Twitter Clone";
			sourceTree = "<group>";
		};
		6AA53E382C057D3E001E2B67 /* Twitter CloneTests */ = {
			isa = PBXGroup;
			children = (
				6AA53E392C057D3E001E2B67 /* Twitter_CloneTests.swift */,
			);
			path = "Twitter CloneTests";
			sourceTree = "<group>";
		};
		6AA53E422C057D3E001E2B67 /* Twitter CloneUITests */ = {
			isa = PBXGroup;
			children = (
				6A1116072C10561C00A74390 /* GoogleService-Info.plist */,
				6AA53E432C057D3E001E2B67 /* Twitter_CloneUITests.swift */,
				6AA53E452C057D3E001E2B67 /* Twitter_CloneUITestsLaunchTests.swift */,
			);
			path = "Twitter CloneUITests";
			sourceTree = "<group>";
		};
		6AA53E542C057F7B001E2B67 /* Controllers */ = {
			isa = PBXGroup;
			children = (
				6A11161C2C105EBD00A74390 /* Onboarding */,
				6A15D16C2C0DFE4F0041A1AD /* General */,
				6AA53E552C057F87001E2B67 /* Core */,
			);
			path = Controllers;
			sourceTree = "<group>";
		};
		6AA53E552C057F87001E2B67 /* Core */ = {
			isa = PBXGroup;
			children = (
				6AA53E262C057D3D001E2B67 /* HomeViewController.swift */,
				6AA53E562C057FB7001E2B67 /* SearchViewController.swift */,
				6AA53E582C057FC8001E2B67 /* NotificationViewController.swift */,
				6AA53E5A2C057FD7001E2B67 /* DirectMessagesViewController.swift */,
				6AA53E522C057F05001E2B67 /* MainTabBarViewController.swift */,
			);
			path = Core;
			sourceTree = "<group>";
		};
		6AD3414A2C073E5500527C5A /* Views */ = {
			isa = PBXGroup;
			children = (
				6AD3414B2C073E7100527C5A /* TweetTableViewCell.swift */,
				6AAE692A2C0F103A0060308B /* ProfileTableViewHeader.swift */,
			);
			path = Views;
			sourceTree = "<group>";
		};
		6AE903202C123F6100D61CE1 /* Models */ = {
			isa = PBXGroup;
			children = (
				6AE903212C123F9200D61CE1 /* TwitterUser.swift */,
			);
			path = Models;
			sourceTree = "<group>";
		};
/* End PBXGroup section */

/* Begin PBXNativeTarget section */
		6AA53E1E2C057D3D001E2B67 /* Twitter Clone */ = {
			isa = PBXNativeTarget;
			buildConfigurationList = 6AA53E492C057D3E001E2B67 /* Build configuration list for PBXNativeTarget "Twitter Clone" */;
			buildPhases = (
				6AA53E1B2C057D3D001E2B67 /* Sources */,
				6AA53E1C2C057D3D001E2B67 /* Frameworks */,
				6AA53E1D2C057D3D001E2B67 /* Resources */,
			);
			buildRules = (
			);
			dependencies = (
			);
			name = "Twitter Clone";
			packageProductDependencies = (
				6A11160A2C10596200A74390 /* FirebaseAuth */,
				6A11160C2C10596200A74390 /* FirebaseAuthCombine-Community */,
				6A11160E2C10596200A74390 /* FirebaseDatabase */,
				6A1116102C10596200A74390 /* FirebaseDatabaseSwift */,
				6A1116122C10596200A74390 /* FirebaseFirestore */,
				6A1116142C10596200A74390 /* FirebaseFirestoreCombine-Community */,
				6A1116162C10596200A74390 /* FirebaseFirestoreSwift */,
				6A1116182C10596200A74390 /* FirebaseStorage */,
				6A11161A2C10596200A74390 /* FirebaseStorageCombine-Community */,
			);
			productName = "Twitter Clone";
			productReference = 6AA53E1F2C057D3D001E2B67 /* Twitter Clone.app */;
			productType = "com.apple.product-type.application";
		};
		6AA53E342C057D3E001E2B67 /* Twitter CloneTests */ = {
			isa = PBXNativeTarget;
			buildConfigurationList = 6AA53E4C2C057D3E001E2B67 /* Build configuration list for PBXNativeTarget "Twitter CloneTests" */;
			buildPhases = (
				6AA53E312C057D3E001E2B67 /* Sources */,
				6AA53E322C057D3E001E2B67 /* Frameworks */,
				6AA53E332C057D3E001E2B67 /* Resources */,
			);
			buildRules = (
			);
			dependencies = (
				6AA53E372C057D3E001E2B67 /* PBXTargetDependency */,
			);
			name = "Twitter CloneTests";
			productName = "Twitter CloneTests";
			productReference = 6AA53E352C057D3E001E2B67 /* Twitter CloneTests.xctest */;
			productType = "com.apple.product-type.bundle.unit-test";
		};
		6AA53E3E2C057D3E001E2B67 /* Twitter CloneUITests */ = {
			isa = PBXNativeTarget;
			buildConfigurationList = 6AA53E4F2C057D3E001E2B67 /* Build configuration list for PBXNativeTarget "Twitter CloneUITests" */;
			buildPhases = (
				6AA53E3B2C057D3E001E2B67 /* Sources */,
				6AA53E3C2C057D3E001E2B67 /* Frameworks */,
				6AA53E3D2C057D3E001E2B67 /* Resources */,
			);
			buildRules = (
			);
			dependencies = (
				6AA53E412C057D3E001E2B67 /* PBXTargetDependency */,
			);
			name = "Twitter CloneUITests";
			productName = "Twitter CloneUITests";
			productReference = 6AA53E3F2C057D3E001E2B67 /* Twitter CloneUITests.xctest */;
			productType = "com.apple.product-type.bundle.ui-testing";
		};
/* End PBXNativeTarget section */

/* Begin PBXProject section */
		6AA53E172C057D3D001E2B67 /* Project object */ = {
			isa = PBXProject;
			attributes = {
				BuildIndependentTargetsInParallel = 1;
				LastSwiftUpdateCheck = 1530;
				LastUpgradeCheck = 1530;
				TargetAttributes = {
					6AA53E1E2C057D3D001E2B67 = {
						CreatedOnToolsVersion = 15.3;
					};
					6AA53E342C057D3E001E2B67 = {
						CreatedOnToolsVersion = 15.3;
						TestTargetID = 6AA53E1E2C057D3D001E2B67;
					};
					6AA53E3E2C057D3E001E2B67 = {
						CreatedOnToolsVersion = 15.3;
						TestTargetID = 6AA53E1E2C057D3D001E2B67;
					};
				};
			};
			buildConfigurationList = 6AA53E1A2C057D3D001E2B67 /* Build configuration list for PBXProject "Twitter Clone" */;
			compatibilityVersion = "Xcode 14.0";
			developmentRegion = en;
			hasScannedForEncodings = 0;
			knownRegions = (
				en,
				Base,
			);
			mainGroup = 6AA53E162C057D3D001E2B67;
			packageReferences = (
				6A1116092C10596200A74390 /* XCRemoteSwiftPackageReference "firebase-ios-sdk" */,
			);
			productRefGroup = 6AA53E202C057D3D001E2B67 /* Products */;
			projectDirPath = "";
			projectRoot = "";
			targets = (
				6AA53E1E2C057D3D001E2B67 /* Twitter Clone */,
				6AA53E342C057D3E001E2B67 /* Twitter CloneTests */,
				6AA53E3E2C057D3E001E2B67 /* Twitter CloneUITests */,
			);
		};
/* End PBXProject section */

/* Begin PBXResourcesBuildPhase section */
		6AA53E1D2C057D3D001E2B67 /* Resources */ = {
			isa = PBXResourcesBuildPhase;
			buildActionMask = 2147483647;
			files = (
				6AA53E2C2C057D3E001E2B67 /* Assets.xcassets in Resources */,
				6AA53E2F2C057D3E001E2B67 /* Base in Resources */,
				6A1116082C10561C00A74390 /* GoogleService-Info.plist in Resources */,
			);
			runOnlyForDeploymentPostprocessing = 0;
		};
		6AA53E332C057D3E001E2B67 /* Resources */ = {
			isa = PBXResourcesBuildPhase;
			buildActionMask = 2147483647;
			files = (
			);
			runOnlyForDeploymentPostprocessing = 0;
		};
		6AA53E3D2C057D3E001E2B67 /* Resources */ = {
			isa = PBXResourcesBuildPhase;
			buildActionMask = 2147483647;
			files = (
			);
			runOnlyForDeploymentPostprocessing = 0;
		};
/* End PBXResourcesBuildPhase section */

/* Begin PBXSourcesBuildPhase section */
		6AA53E1B2C057D3D001E2B67 /* Sources */ = {
			isa = PBXSourcesBuildPhase;
			buildActionMask = 2147483647;
			files = (
				6AA53E572C057FB8001E2B67 /* SearchViewController.swift in Sources */,
				6A1116262C10825400A74390 /* AuthManager.swift in Sources */,
				6AA53E272C057D3D001E2B67 /* HomeViewController.swift in Sources */,
				6AE9AD002C14D375001604D4 /* StorageManager.swift in Sources */,
				6AD1C3212C11B3F500E29393 /* LoginViewController.swift in Sources */,
				6AE903242C1240D000D61CE1 /* DatabaseManager.swift in Sources */,
				6AA53E592C057FC8001E2B67 /* NotificationViewController.swift in Sources */,
				6A1116202C1067ED00A74390 /* RegisterViewController.swift in Sources */,
				6AA53E532C057F05001E2B67 /* MainTabBarViewController.swift in Sources */,
				6AA53E232C057D3D001E2B67 /* AppDelegate.swift in Sources */,
				6AA53E252C057D3D001E2B67 /* SceneDelegate.swift in Sources */,
				6A1116232C1072B300A74390 /* AuthenticationViewViewModel.swift in Sources */,
				6AE9ACFE2C1440D1001604D4 /* ProfileDataFormViewViewModel.swift in Sources */,
				6A15D16E2C0DFE730041A1AD /* ProfileViewController.swift in Sources */,
				6AA53E5B2C057FD7001E2B67 /* DirectMessagesViewController.swift in Sources */,
				6AAE692B2C0F103A0060308B /* ProfileTableViewHeader.swift in Sources */,
				6ADFA9192C134B6F00215C6C /* ProfileDataFormViewController.swift in Sources */,
				6A11161E2C105EDD00A74390 /* OnboardingViewController.swift in Sources */,
				6AE903222C123F9200D61CE1 /* TwitterUser.swift in Sources */,
				6ADFA9172C13023400215C6C /* HomeViewViewModel.swift in Sources */,
				6AD3414C2C073E7100527C5A /* TweetTableViewCell.swift in Sources */,
			);
			runOnlyForDeploymentPostprocessing = 0;
		};
		6AA53E312C057D3E001E2B67 /* Sources */ = {
			isa = PBXSourcesBuildPhase;
			buildActionMask = 2147483647;
			files = (
				6AA53E3A2C057D3E001E2B67 /* Twitter_CloneTests.swift in Sources */,
			);
			runOnlyForDeploymentPostprocessing = 0;
		};
		6AA53E3B2C057D3E001E2B67 /* Sources */ = {
			isa = PBXSourcesBuildPhase;
			buildActionMask = 2147483647;
			files = (
				6AA53E462C057D3E001E2B67 /* Twitter_CloneUITestsLaunchTests.swift in Sources */,
				6AA53E442C057D3E001E2B67 /* Twitter_CloneUITests.swift in Sources */,
			);
			runOnlyForDeploymentPostprocessing = 0;
		};
/* End PBXSourcesBuildPhase section */

/* Begin PBXTargetDependency section */
		6AA53E372C057D3E001E2B67 /* PBXTargetDependency */ = {
			isa = PBXTargetDependency;
			target = 6AA53E1E2C057D3D001E2B67 /* Twitter Clone */;
			targetProxy = 6AA53E362C057D3E001E2B67 /* PBXContainerItemProxy */;
		};
		6AA53E412C057D3E001E2B67 /* PBXTargetDependency */ = {
			isa = PBXTargetDependency;
			target = 6AA53E1E2C057D3D001E2B67 /* Twitter Clone */;
			targetProxy = 6AA53E402C057D3E001E2B67 /* PBXContainerItemProxy */;
		};
/* End PBXTargetDependency section */

/* Begin PBXVariantGroup section */
		6AA53E2D2C057D3E001E2B67 /* LaunchScreen.storyboard */ = {
			isa = PBXVariantGroup;
			children = (
				6AA53E2E2C057D3E001E2B67 /* Base */,
			);
			name = LaunchScreen.storyboard;
			sourceTree = "<group>";
		};
/* End PBXVariantGroup section */

/* Begin XCBuildConfiguration section */
		6AA53E472C057D3E001E2B67 /* Debug */ = {
			isa = XCBuildConfiguration;
			buildSettings = {
				ALWAYS_SEARCH_USER_PATHS = NO;
				ASSETCATALOG_COMPILER_GENERATE_SWIFT_ASSET_SYMBOL_EXTENSIONS = YES;
				CLANG_ANALYZER_NONNULL = YES;
				CLANG_ANALYZER_NUMBER_OBJECT_CONVERSION = YES_AGGRESSIVE;
				CLANG_CXX_LANGUAGE_STANDARD = "gnu++20";
				CLANG_ENABLE_MODULES = YES;
				CLANG_ENABLE_OBJC_ARC = YES;
				CLANG_ENABLE_OBJC_WEAK = YES;
				CLANG_WARN_BLOCK_CAPTURE_AUTORELEASING = YES;
				CLANG_WARN_BOOL_CONVERSION = YES;
				CLANG_WARN_COMMA = YES;
				CLANG_WARN_CONSTANT_CONVERSION = YES;
				CLANG_WARN_DEPRECATED_OBJC_IMPLEMENTATIONS = YES;
				CLANG_WARN_DIRECT_OBJC_ISA_USAGE = YES_ERROR;
				CLANG_WARN_DOCUMENTATION_COMMENTS = YES;
				CLANG_WARN_EMPTY_BODY = YES;
				CLANG_WARN_ENUM_CONVERSION = YES;
				CLANG_WARN_INFINITE_RECURSION = YES;
				CLANG_WARN_INT_CONVERSION = YES;
				CLANG_WARN_NON_LITERAL_NULL_CONVERSION = YES;
				CLANG_WARN_OBJC_IMPLICIT_RETAIN_SELF = YES;
				CLANG_WARN_OBJC_LITERAL_CONVERSION = YES;
				CLANG_WARN_OBJC_ROOT_CLASS = YES_ERROR;
				CLANG_WARN_QUOTED_INCLUDE_IN_FRAMEWORK_HEADER = YES;
				CLANG_WARN_RANGE_LOOP_ANALYSIS = YES;
				CLANG_WARN_STRICT_PROTOTYPES = YES;
				CLANG_WARN_SUSPICIOUS_MOVE = YES;
				CLANG_WARN_UNGUARDED_AVAILABILITY = YES_AGGRESSIVE;
				CLANG_WARN_UNREACHABLE_CODE = YES;
				CLANG_WARN__DUPLICATE_METHOD_MATCH = YES;
				COPY_PHASE_STRIP = NO;
				DEBUG_INFORMATION_FORMAT = dwarf;
				ENABLE_STRICT_OBJC_MSGSEND = YES;
				ENABLE_TESTABILITY = YES;
				ENABLE_USER_SCRIPT_SANDBOXING = YES;
				GCC_C_LANGUAGE_STANDARD = gnu17;
				GCC_DYNAMIC_NO_PIC = NO;
				GCC_NO_COMMON_BLOCKS = YES;
				GCC_OPTIMIZATION_LEVEL = 0;
				GCC_PREPROCESSOR_DEFINITIONS = (
					"DEBUG=1",
					"$(inherited)",
				);
				GCC_WARN_64_TO_32_BIT_CONVERSION = YES;
				GCC_WARN_ABOUT_RETURN_TYPE = YES_ERROR;
				GCC_WARN_UNDECLARED_SELECTOR = YES;
				GCC_WARN_UNINITIALIZED_AUTOS = YES_AGGRESSIVE;
				GCC_WARN_UNUSED_FUNCTION = YES;
				GCC_WARN_UNUSED_VARIABLE = YES;
				IPHONEOS_DEPLOYMENT_TARGET = 17.4;
				LOCALIZATION_PREFERS_STRING_CATALOGS = YES;
				MTL_ENABLE_DEBUG_INFO = INCLUDE_SOURCE;
				MTL_FAST_MATH = YES;
				ONLY_ACTIVE_ARCH = YES;
				SDKROOT = iphoneos;
				SWIFT_ACTIVE_COMPILATION_CONDITIONS = "DEBUG $(inherited)";
				SWIFT_OPTIMIZATION_LEVEL = "-Onone";
			};
			name = Debug;
		};
		6AA53E482C057D3E001E2B67 /* Release */ = {
			isa = XCBuildConfiguration;
			buildSettings = {
				ALWAYS_SEARCH_USER_PATHS = NO;
				ASSETCATALOG_COMPILER_GENERATE_SWIFT_ASSET_SYMBOL_EXTENSIONS = YES;
				CLANG_ANALYZER_NONNULL = YES;
				CLANG_ANALYZER_NUMBER_OBJECT_CONVERSION = YES_AGGRESSIVE;
				CLANG_CXX_LANGUAGE_STANDARD = "gnu++20";
				CLANG_ENABLE_MODULES = YES;
				CLANG_ENABLE_OBJC_ARC = YES;
				CLANG_ENABLE_OBJC_WEAK = YES;
				CLANG_WARN_BLOCK_CAPTURE_AUTORELEASING = YES;
				CLANG_WARN_BOOL_CONVERSION = YES;
				CLANG_WARN_COMMA = YES;
				CLANG_WARN_CONSTANT_CONVERSION = YES;
				CLANG_WARN_DEPRECATED_OBJC_IMPLEMENTATIONS = YES;
				CLANG_WARN_DIRECT_OBJC_ISA_USAGE = YES_ERROR;
				CLANG_WARN_DOCUMENTATION_COMMENTS = YES;
				CLANG_WARN_EMPTY_BODY = YES;
				CLANG_WARN_ENUM_CONVERSION = YES;
				CLANG_WARN_INFINITE_RECURSION = YES;
				CLANG_WARN_INT_CONVERSION = YES;
				CLANG_WARN_NON_LITERAL_NULL_CONVERSION = YES;
				CLANG_WARN_OBJC_IMPLICIT_RETAIN_SELF = YES;
				CLANG_WARN_OBJC_LITERAL_CONVERSION = YES;
				CLANG_WARN_OBJC_ROOT_CLASS = YES_ERROR;
				CLANG_WARN_QUOTED_INCLUDE_IN_FRAMEWORK_HEADER = YES;
				CLANG_WARN_RANGE_LOOP_ANALYSIS = YES;
				CLANG_WARN_STRICT_PROTOTYPES = YES;
				CLANG_WARN_SUSPICIOUS_MOVE = YES;
				CLANG_WARN_UNGUARDED_AVAILABILITY = YES_AGGRESSIVE;
				CLANG_WARN_UNREACHABLE_CODE = YES;
				CLANG_WARN__DUPLICATE_METHOD_MATCH = YES;
				COPY_PHASE_STRIP = NO;
				DEBUG_INFORMATION_FORMAT = "dwarf-with-dsym";
				ENABLE_NS_ASSERTIONS = NO;
				ENABLE_STRICT_OBJC_MSGSEND = YES;
				ENABLE_USER_SCRIPT_SANDBOXING = YES;
				GCC_C_LANGUAGE_STANDARD = gnu17;
				GCC_NO_COMMON_BLOCKS = YES;
				GCC_WARN_64_TO_32_BIT_CONVERSION = YES;
				GCC_WARN_ABOUT_RETURN_TYPE = YES_ERROR;
				GCC_WARN_UNDECLARED_SELECTOR = YES;
				GCC_WARN_UNINITIALIZED_AUTOS = YES_AGGRESSIVE;
				GCC_WARN_UNUSED_FUNCTION = YES;
				GCC_WARN_UNUSED_VARIABLE = YES;
				IPHONEOS_DEPLOYMENT_TARGET = 17.4;
				LOCALIZATION_PREFERS_STRING_CATALOGS = YES;
				MTL_ENABLE_DEBUG_INFO = NO;
				MTL_FAST_MATH = YES;
				SDKROOT = iphoneos;
				SWIFT_COMPILATION_MODE = wholemodule;
				VALIDATE_PRODUCT = YES;
			};
			name = Release;
		};
		6AA53E4A2C057D3E001E2B67 /* Debug */ = {
			isa = XCBuildConfiguration;
			buildSettings = {
				ASSETCATALOG_COMPILER_APPICON_NAME = AppIcon;
				ASSETCATALOG_COMPILER_GLOBAL_ACCENT_COLOR_NAME = AccentColor;
				CODE_SIGN_STYLE = Automatic;
				CURRENT_PROJECT_VERSION = 1;
				DEVELOPMENT_TEAM = 244RFX44WS;
				GENERATE_INFOPLIST_FILE = YES;
				INFOPLIST_FILE = "Twitter Clone/Info.plist";
				INFOPLIST_KEY_UIApplicationSupportsIndirectInputEvents = YES;
				INFOPLIST_KEY_UILaunchStoryboardName = LaunchScreen;
				INFOPLIST_KEY_UISupportedInterfaceOrientations_iPad = "UIInterfaceOrientationPortrait UIInterfaceOrientationPortraitUpsideDown UIInterfaceOrientationLandscapeLeft UIInterfaceOrientationLandscapeRight";
				INFOPLIST_KEY_UISupportedInterfaceOrientations_iPhone = "UIInterfaceOrientationPortrait UIInterfaceOrientationLandscapeLeft UIInterfaceOrientationLandscapeRight";
				LD_RUNPATH_SEARCH_PATHS = (
					"$(inherited)",
					"@executable_path/Frameworks",
				);
				MARKETING_VERSION = 1.0;
				PRODUCT_BUNDLE_IDENTIFIER = "Saadet.Twitter-Clone";
				PRODUCT_NAME = "$(TARGET_NAME)";
				SWIFT_EMIT_LOC_STRINGS = YES;
				SWIFT_VERSION = 5.0;
				TARGETED_DEVICE_FAMILY = "1,2";
			};
			name = Debug;
		};
		6AA53E4B2C057D3E001E2B67 /* Release */ = {
			isa = XCBuildConfiguration;
			buildSettings = {
				ASSETCATALOG_COMPILER_APPICON_NAME = AppIcon;
				ASSETCATALOG_COMPILER_GLOBAL_ACCENT_COLOR_NAME = AccentColor;
				CODE_SIGN_STYLE = Automatic;
				CURRENT_PROJECT_VERSION = 1;
				DEVELOPMENT_TEAM = 244RFX44WS;
				GENERATE_INFOPLIST_FILE = YES;
				INFOPLIST_FILE = "Twitter Clone/Info.plist";
				INFOPLIST_KEY_UIApplicationSupportsIndirectInputEvents = YES;
				INFOPLIST_KEY_UILaunchStoryboardName = LaunchScreen;
				INFOPLIST_KEY_UISupportedInterfaceOrientations_iPad = "UIInterfaceOrientationPortrait UIInterfaceOrientationPortraitUpsideDown UIInterfaceOrientationLandscapeLeft UIInterfaceOrientationLandscapeRight";
				INFOPLIST_KEY_UISupportedInterfaceOrientations_iPhone = "UIInterfaceOrientationPortrait UIInterfaceOrientationLandscapeLeft UIInterfaceOrientationLandscapeRight";
				LD_RUNPATH_SEARCH_PATHS = (
					"$(inherited)",
					"@executable_path/Frameworks",
				);
				MARKETING_VERSION = 1.0;
				PRODUCT_BUNDLE_IDENTIFIER = "Saadet.Twitter-Clone";
				PRODUCT_NAME = "$(TARGET_NAME)";
				SWIFT_EMIT_LOC_STRINGS = YES;
				SWIFT_VERSION = 5.0;
				TARGETED_DEVICE_FAMILY = "1,2";
			};
			name = Release;
		};
		6AA53E4D2C057D3E001E2B67 /* Debug */ = {
			isa = XCBuildConfiguration;
			buildSettings = {
				ALWAYS_EMBED_SWIFT_STANDARD_LIBRARIES = YES;
				BUNDLE_LOADER = "$(TEST_HOST)";
				CODE_SIGN_STYLE = Automatic;
				CURRENT_PROJECT_VERSION = 1;
				DEVELOPMENT_TEAM = 244RFX44WS;
				GENERATE_INFOPLIST_FILE = YES;
				IPHONEOS_DEPLOYMENT_TARGET = 17.4;
				MARKETING_VERSION = 1.0;
				PRODUCT_BUNDLE_IDENTIFIER = "Saadet.Twitter-CloneTests";
				PRODUCT_NAME = "$(TARGET_NAME)";
				SWIFT_EMIT_LOC_STRINGS = NO;
				SWIFT_VERSION = 5.0;
				TARGETED_DEVICE_FAMILY = "1,2";
				TEST_HOST = "$(BUILT_PRODUCTS_DIR)/Twitter Clone.app/$(BUNDLE_EXECUTABLE_FOLDER_PATH)/Twitter Clone";
			};
			name = Debug;
		};
		6AA53E4E2C057D3E001E2B67 /* Release */ = {
			isa = XCBuildConfiguration;
			buildSettings = {
				ALWAYS_EMBED_SWIFT_STANDARD_LIBRARIES = YES;
				BUNDLE_LOADER = "$(TEST_HOST)";
				CODE_SIGN_STYLE = Automatic;
				CURRENT_PROJECT_VERSION = 1;
				DEVELOPMENT_TEAM = 244RFX44WS;
				GENERATE_INFOPLIST_FILE = YES;
				IPHONEOS_DEPLOYMENT_TARGET = 17.4;
				MARKETING_VERSION = 1.0;
				PRODUCT_BUNDLE_IDENTIFIER = "Saadet.Twitter-CloneTests";
				PRODUCT_NAME = "$(TARGET_NAME)";
				SWIFT_EMIT_LOC_STRINGS = NO;
				SWIFT_VERSION = 5.0;
				TARGETED_DEVICE_FAMILY = "1,2";
				TEST_HOST = "$(BUILT_PRODUCTS_DIR)/Twitter Clone.app/$(BUNDLE_EXECUTABLE_FOLDER_PATH)/Twitter Clone";
			};
			name = Release;
		};
		6AA53E502C057D3E001E2B67 /* Debug */ = {
			isa = XCBuildConfiguration;
			buildSettings = {
				ALWAYS_EMBED_SWIFT_STANDARD_LIBRARIES = YES;
				CODE_SIGN_STYLE = Automatic;
				CURRENT_PROJECT_VERSION = 1;
				DEVELOPMENT_TEAM = 244RFX44WS;
				GENERATE_INFOPLIST_FILE = YES;
				MARKETING_VERSION = 1.0;
				PRODUCT_BUNDLE_IDENTIFIER = "Saadet.Twitter-CloneUITests";
				PRODUCT_NAME = "$(TARGET_NAME)";
				SWIFT_EMIT_LOC_STRINGS = NO;
				SWIFT_VERSION = 5.0;
				TARGETED_DEVICE_FAMILY = "1,2";
				TEST_TARGET_NAME = "Twitter Clone";
			};
			name = Debug;
		};
		6AA53E512C057D3E001E2B67 /* Release */ = {
			isa = XCBuildConfiguration;
			buildSettings = {
				ALWAYS_EMBED_SWIFT_STANDARD_LIBRARIES = YES;
				CODE_SIGN_STYLE = Automatic;
				CURRENT_PROJECT_VERSION = 1;
				DEVELOPMENT_TEAM = 244RFX44WS;
				GENERATE_INFOPLIST_FILE = YES;
				MARKETING_VERSION = 1.0;
				PRODUCT_BUNDLE_IDENTIFIER = "Saadet.Twitter-CloneUITests";
				PRODUCT_NAME = "$(TARGET_NAME)";
				SWIFT_EMIT_LOC_STRINGS = NO;
				SWIFT_VERSION = 5.0;
				TARGETED_DEVICE_FAMILY = "1,2";
				TEST_TARGET_NAME = "Twitter Clone";
			};
			name = Release;
		};
/* End XCBuildConfiguration section */

/* Begin XCConfigurationList section */
		6AA53E1A2C057D3D001E2B67 /* Build configuration list for PBXProject "Twitter Clone" */ = {
			isa = XCConfigurationList;
			buildConfigurations = (
				6AA53E472C057D3E001E2B67 /* Debug */,
				6AA53E482C057D3E001E2B67 /* Release */,
			);
			defaultConfigurationIsVisible = 0;
			defaultConfigurationName = Release;
		};
		6AA53E492C057D3E001E2B67 /* Build configuration list for PBXNativeTarget "Twitter Clone" */ = {
			isa = XCConfigurationList;
			buildConfigurations = (
				6AA53E4A2C057D3E001E2B67 /* Debug */,
				6AA53E4B2C057D3E001E2B67 /* Release */,
			);
			defaultConfigurationIsVisible = 0;
			defaultConfigurationName = Release;
		};
		6AA53E4C2C057D3E001E2B67 /* Build configuration list for PBXNativeTarget "Twitter CloneTests" */ = {
			isa = XCConfigurationList;
			buildConfigurations = (
				6AA53E4D2C057D3E001E2B67 /* Debug */,
				6AA53E4E2C057D3E001E2B67 /* Release */,
			);
			defaultConfigurationIsVisible = 0;
			defaultConfigurationName = Release;
		};
		6AA53E4F2C057D3E001E2B67 /* Build configuration list for PBXNativeTarget "Twitter CloneUITests" */ = {
			isa = XCConfigurationList;
			buildConfigurations = (
				6AA53E502C057D3E001E2B67 /* Debug */,
				6AA53E512C057D3E001E2B67 /* Release */,
			);
			defaultConfigurationIsVisible = 0;
			defaultConfigurationName = Release;
		};
/* End XCConfigurationList section */

/* Begin XCRemoteSwiftPackageReference section */
		6A1116092C10596200A74390 /* XCRemoteSwiftPackageReference "firebase-ios-sdk" */ = {
			isa = XCRemoteSwiftPackageReference;
			repositoryURL = "https://github.com/firebase/firebase-ios-sdk";
			requirement = {
				kind = upToNextMajorVersion;
				minimumVersion = 10.27.0;
			};
		};
/* End XCRemoteSwiftPackageReference section */

/* Begin XCSwiftPackageProductDependency section */
		6A11160A2C10596200A74390 /* FirebaseAuth */ = {
			isa = XCSwiftPackageProductDependency;
			package = 6A1116092C10596200A74390 /* XCRemoteSwiftPackageReference "firebase-ios-sdk" */;
			productName = FirebaseAuth;
		};
		6A11160C2C10596200A74390 /* FirebaseAuthCombine-Community */ = {
			isa = XCSwiftPackageProductDependency;
			package = 6A1116092C10596200A74390 /* XCRemoteSwiftPackageReference "firebase-ios-sdk" */;
			productName = "FirebaseAuthCombine-Community";
		};
		6A11160E2C10596200A74390 /* FirebaseDatabase */ = {
			isa = XCSwiftPackageProductDependency;
			package = 6A1116092C10596200A74390 /* XCRemoteSwiftPackageReference "firebase-ios-sdk" */;
			productName = FirebaseDatabase;
		};
		6A1116102C10596200A74390 /* FirebaseDatabaseSwift */ = {
			isa = XCSwiftPackageProductDependency;
			package = 6A1116092C10596200A74390 /* XCRemoteSwiftPackageReference "firebase-ios-sdk" */;
			productName = FirebaseDatabaseSwift;
		};
		6A1116122C10596200A74390 /* FirebaseFirestore */ = {
			isa = XCSwiftPackageProductDependency;
			package = 6A1116092C10596200A74390 /* XCRemoteSwiftPackageReference "firebase-ios-sdk" */;
			productName = FirebaseFirestore;
		};
		6A1116142C10596200A74390 /* FirebaseFirestoreCombine-Community */ = {
			isa = XCSwiftPackageProductDependency;
			package = 6A1116092C10596200A74390 /* XCRemoteSwiftPackageReference "firebase-ios-sdk" */;
			productName = "FirebaseFirestoreCombine-Community";
		};
		6A1116162C10596200A74390 /* FirebaseFirestoreSwift */ = {
			isa = XCSwiftPackageProductDependency;
			package = 6A1116092C10596200A74390 /* XCRemoteSwiftPackageReference "firebase-ios-sdk" */;
			productName = FirebaseFirestoreSwift;
		};
		6A1116182C10596200A74390 /* FirebaseStorage */ = {
			isa = XCSwiftPackageProductDependency;
			package = 6A1116092C10596200A74390 /* XCRemoteSwiftPackageReference "firebase-ios-sdk" */;
			productName = FirebaseStorage;
		};
		6A11161A2C10596200A74390 /* FirebaseStorageCombine-Community */ = {
			isa = XCSwiftPackageProductDependency;
			package = 6A1116092C10596200A74390 /* XCRemoteSwiftPackageReference "firebase-ios-sdk" */;
			productName = "FirebaseStorageCombine-Community";
		};
/* End XCSwiftPackageProductDependency section */
	};
	rootObject = 6AA53E172C057D3D001E2B67 /* Project object */;
}
